
Microsoft Visual Studio Solution File, Format Version 12.00
# Visual Studio Version 16
VisualStudioVersion = 16.0.29306.81
MinimumVisualStudioVersion = 10.0.40219.1
Project("{FAE04EC0-301F-11D3-BF4B-00C04F79EFBC}") = "tomcMatijaVjezbaOO", "tomcMatijaVjezbaOO\tomcMatijaVjezbaOO.csproj", "{415A5410-2D6B-4454-BA54-FCB944FE9BF8}"
EndProject
Global
	GlobalSection(SolutionConfigurationPlatforms) = preSolution
		Debug|Any CPU = Debug|Any CPU
		Release|Any CPU = Release|Any CPU
	EndGlobalSection
	GlobalSection(ProjectConfigurationPlatforms) = postSolution
		{415A5410-2D6B-4454-BA54-FCB944FE9BF8}.Debug|Any CPU.ActiveCfg = Debug|Any CPU
		{415A5410-2D6B-4454-BA54-FCB944FE9BF8}.Debug|Any CPU.Build.0 = Debug|Any CPU
		{415A5410-2D6B-4454-BA54-FCB944FE9BF8}.Release|Any CPU.ActiveCfg = Release|Any CPU
		{415A5410-2D6B-4454-BA54-FCB944FE9BF8}.Release|Any CPU.Build.0 = Release|Any CPU
	EndGlobalSection
	GlobalSection(SolutionProperties) = preSolution
		HideSolutionNode = FALSE
	EndGlobalSection
	GlobalSection(ExtensibilityGlobals) = postSolution
		SolutionGuid = {46D55351-895E-4E59-9255-685396F794E8}
	EndGlobalSection
EndGlobal
